
Microsoft Visual Studio Solution File, Format Version 12.00
# Visual Studio Version 16
VisualStudioVersion = 16.0.32602.291
MinimumVisualStudioVersion = 10.0.40219.1
Project("{9A19103F-16F7-4668-BE54-9A1E7A4F7556}") = "EmployeeApp", "EmployeeApp\EmployeeApp.csproj", "{8387D0FC-CAFE-42E7-8DC2-1AEF4E645620}"
	ProjectSection(ProjectDependencies) = postProject
		{A788989C-686E-49B9-81BB-3EB870F46AA2} = {A788989C-686E-49B9-81BB-3EB870F46AA2}
	EndProjectSection
EndProject
Project("{9A19103F-16F7-4668-BE54-9A1E7A4F7556}") = "BL", "BLEmployee\BL.csproj", "{103D1B74-BE15-4ABE-A572-2882CBA92B71}"
EndProject
Project("{9A19103F-16F7-4668-BE54-9A1E7A4F7556}") = "DL", "DAEmployee\DL.csproj", "{0F562A07-3880-4DE4-9D5D-8445D238A56E}"
EndProject
Project("{9A19103F-16F7-4668-BE54-9A1E7A4F7556}") = "UnitTest", "UnitTest\UnitTest.csproj", "{DB141051-3C1D-46F0-9D90-89CF454DB06F}"
	ProjectSection(ProjectDependencies) = postProject
		{A788989C-686E-49B9-81BB-3EB870F46AA2} = {A788989C-686E-49B9-81BB-3EB870F46AA2}
	EndProjectSection
EndProject
Project("{9A19103F-16F7-4668-BE54-9A1E7A4F7556}") = "BE", "BE\BE.csproj", "{A788989C-686E-49B9-81BB-3EB870F46AA2}"
EndProject
Project("{9A19103F-16F7-4668-BE54-9A1E7A4F7556}") = "DLService", "DLService\DLService.csproj", "{879B0821-EF72-487C-B37A-804728A3F907}"
EndProject
Global
	GlobalSection(SolutionConfigurationPlatforms) = preSolution
		Debug|Any CPU = Debug|Any CPU
		Release|Any CPU = Release|Any CPU
	EndGlobalSection
	GlobalSection(ProjectConfigurationPlatforms) = postSolution
		{8387D0FC-CAFE-42E7-8DC2-1AEF4E645620}.Debug|Any CPU.ActiveCfg = Debug|Any CPU
		{8387D0FC-CAFE-42E7-8DC2-1AEF4E645620}.Debug|Any CPU.Build.0 = Debug|Any CPU
		{8387D0FC-CAFE-42E7-8DC2-1AEF4E645620}.Release|Any CPU.ActiveCfg = Release|Any CPU
		{8387D0FC-CAFE-42E7-8DC2-1AEF4E645620}.Release|Any CPU.Build.0 = Release|Any CPU
		{103D1B74-BE15-4ABE-A572-2882CBA92B71}.Debug|Any CPU.ActiveCfg = Debug|Any CPU
		{103D1B74-BE15-4ABE-A572-2882CBA92B71}.Debug|Any CPU.Build.0 = Debug|Any CPU
		{103D1B74-BE15-4ABE-A572-2882CBA92B71}.Release|Any CPU.ActiveCfg = Release|Any CPU
		{103D1B74-BE15-4ABE-A572-2882CBA92B71}.Release|Any CPU.Build.0 = Release|Any CPU
		{0F562A07-3880-4DE4-9D5D-8445D238A56E}.Debug|Any CPU.ActiveCfg = Debug|Any CPU
		{0F562A07-3880-4DE4-9D5D-8445D238A56E}.Debug|Any CPU.Build.0 = Debug|Any CPU
		{0F562A07-3880-4DE4-9D5D-8445D238A56E}.Release|Any CPU.ActiveCfg = Release|Any CPU
		{0F562A07-3880-4DE4-9D5D-8445D238A56E}.Release|Any CPU.Build.0 = Release|Any CPU
		{DB141051-3C1D-46F0-9D90-89CF454DB06F}.Debug|Any CPU.ActiveCfg = Debug|Any CPU
		{DB141051-3C1D-46F0-9D90-89CF454DB06F}.Debug|Any CPU.Build.0 = Debug|Any CPU
		{DB141051-3C1D-46F0-9D90-89CF454DB06F}.Release|Any CPU.ActiveCfg = Release|Any CPU
		{DB141051-3C1D-46F0-9D90-89CF454DB06F}.Release|Any CPU.Build.0 = Release|Any CPU
		{A788989C-686E-49B9-81BB-3EB870F46AA2}.Debug|Any CPU.ActiveCfg = Debug|Any CPU
		{A788989C-686E-49B9-81BB-3EB870F46AA2}.Debug|Any CPU.Build.0 = Debug|Any CPU
		{A788989C-686E-49B9-81BB-3EB870F46AA2}.Release|Any CPU.ActiveCfg = Release|Any CPU
		{A788989C-686E-49B9-81BB-3EB870F46AA2}.Release|Any CPU.Build.0 = Release|Any CPU
		{879B0821-EF72-487C-B37A-804728A3F907}.Debug|Any CPU.ActiveCfg = Debug|Any CPU
		{879B0821-EF72-487C-B37A-804728A3F907}.Debug|Any CPU.Build.0 = Debug|Any CPU
		{879B0821-EF72-487C-B37A-804728A3F907}.Release|Any CPU.ActiveCfg = Release|Any CPU
		{879B0821-EF72-487C-B37A-804728A3F907}.Release|Any CPU.Build.0 = Release|Any CPU
	EndGlobalSection
	GlobalSection(SolutionProperties) = preSolution
		HideSolutionNode = FALSE
	EndGlobalSection
	GlobalSection(ExtensibilityGlobals) = postSolution
		SolutionGuid = {A1AEC98F-418D-4985-B2E1-DC59410C642A}
	EndGlobalSection
EndGlobal
